
Microsoft Visual Studio Solution File, Format Version 12.00
# Visual Studio Version 16
VisualStudioVersion = 16.0.31911.196
MinimumVisualStudioVersion = 10.0.40219.1
Project("{FAE04EC0-301F-11D3-BF4B-00C04F79EFBC}") = "ConsoleApp1", "ConsoleApp1\ConsoleApp1.csproj", "{BCB15BD7-7DBB-4C43-BB53-B99D2B5EA027}"
EndProject
Global
	GlobalSection(SolutionConfigurationPlatforms) = preSolution
		Debug|Any CPU = Debug|Any CPU
		Release|Any CPU = Release|Any CPU
	EndGlobalSection
	GlobalSection(ProjectConfigurationPlatforms) = postSolution
		{BCB15BD7-7DBB-4C43-BB53-B99D2B5EA027}.Debug|Any CPU.ActiveCfg = Debug|Any CPU
		{BCB15BD7-7DBB-4C43-BB53-B99D2B5EA027}.Debug|Any CPU.Build.0 = Debug|Any CPU
		{BCB15BD7-7DBB-4C43-BB53-B99D2B5EA027}.Release|Any CPU.ActiveCfg = Release|Any CPU
		{BCB15BD7-7DBB-4C43-BB53-B99D2B5EA027}.Release|Any CPU.Build.0 = Release|Any CPU
	EndGlobalSection
	GlobalSection(SolutionProperties) = preSolution
		HideSolutionNode = FALSE
	EndGlobalSection
	GlobalSection(ExtensibilityGlobals) = postSolution
		SolutionGuid = {6D3C25C6-BC4E-47BF-B5CB-AF6453832936}
	EndGlobalSection
EndGlobal
